// !$*UTF8*$!
{
	archiveVersion = 1;
	classes = {
	};
	objectVersion = 50;
	objects = {

/* Begin PBXBuildFile section */
		36BDDA4321B2234200E7B041 /* InviteCell.swift in Sources */ = {isa = PBXBuildFile; fileRef = 36BDDA4221B2234200E7B041 /* InviteCell.swift */; };
		469F166B70B98160F7100AAF /* Pods_NFL_Survivor_League_Manager.framework in Frameworks */ = {isa = PBXBuildFile; fileRef = AA0DE98974B84EE1CD2A57BE /* Pods_NFL_Survivor_League_Manager.framework */; };
		5B2165BE21B0AC2600F6F4B6 /* NewUserInviteCell.swift in Sources */ = {isa = PBXBuildFile; fileRef = 5B2165BD21B0AC2600F6F4B6 /* NewUserInviteCell.swift */; };
		5B2165C021B66B7600F6F4B6 /* LeagueCell.swift in Sources */ = {isa = PBXBuildFile; fileRef = 5B2165BF21B66B7600F6F4B6 /* LeagueCell.swift */; };
		5B2165C221B677EF00F6F4B6 /* Invite.swift in Sources */ = {isa = PBXBuildFile; fileRef = 5B2165C121B677EF00F6F4B6 /* Invite.swift */; };
		5B2165C421B68C5A00F6F4B6 /* LeagueInvite.swift in Sources */ = {isa = PBXBuildFile; fileRef = 5B2165C321B68C5A00F6F4B6 /* LeagueInvite.swift */; };
		5B2165C621B76F1A00F6F4B6 /* OwnerDetailsViewController.swift in Sources */ = {isa = PBXBuildFile; fileRef = 5B2165C521B76F1A00F6F4B6 /* OwnerDetailsViewController.swift */; };
		5B655C0A21A921A900065B94 /* Schedule.swift in Sources */ = {isa = PBXBuildFile; fileRef = 5B655C0921A921A900065B94 /* Schedule.swift */; };
		5B655C0C21A92CC400065B94 /* Team.swift in Sources */ = {isa = PBXBuildFile; fileRef = 5B655C0B21A92CC400065B94 /* Team.swift */; };
		5B655C0E21ABC5D200065B94 /* LoginViewController.swift in Sources */ = {isa = PBXBuildFile; fileRef = 5B655C0D21ABC5D200065B94 /* LoginViewController.swift */; };
		5B655C1021ABC5DF00065B94 /* SignUpViewController.swift in Sources */ = {isa = PBXBuildFile; fileRef = 5B655C0F21ABC5DF00065B94 /* SignUpViewController.swift */; };
		5B655C1421ABC73E00065B94 /* User.swift in Sources */ = {isa = PBXBuildFile; fileRef = 5B655C1321ABC73E00065B94 /* User.swift */; };
		5B655C1621ABC75E00065B94 /* ParseAPIManager.swift in Sources */ = {isa = PBXBuildFile; fileRef = 5B655C1521ABC75E00065B94 /* ParseAPIManager.swift */; };
		5B655C1821AF150A00065B94 /* League.swift in Sources */ = {isa = PBXBuildFile; fileRef = 5B655C1721AF150A00065B94 /* League.swift */; };
		5B655C1A21AF23AE00065B94 /* Pick.swift in Sources */ = {isa = PBXBuildFile; fileRef = 5B655C1921AF23AE00065B94 /* Pick.swift */; };
		5B655C1C21AF29D400065B94 /* SurvivorHubViewController.swift in Sources */ = {isa = PBXBuildFile; fileRef = 5B655C1B21AF29D400065B94 /* SurvivorHubViewController.swift */; };
		5B717368217AC283009BEC6D /* AppDelegate.swift in Sources */ = {isa = PBXBuildFile; fileRef = 5B717367217AC283009BEC6D /* AppDelegate.swift */; };
		5B71736D217AC283009BEC6D /* Main.storyboard in Resources */ = {isa = PBXBuildFile; fileRef = 5B71736B217AC283009BEC6D /* Main.storyboard */; };
		5B71736F217AC286009BEC6D /* Assets.xcassets in Resources */ = {isa = PBXBuildFile; fileRef = 5B71736E217AC286009BEC6D /* Assets.xcassets */; };
		5B717372217AC286009BEC6D /* LaunchScreen.storyboard in Resources */ = {isa = PBXBuildFile; fileRef = 5B717370217AC286009BEC6D /* LaunchScreen.storyboard */; };
		5B90BF8421A8FE1B0085DF73 /* Game.swift in Sources */ = {isa = PBXBuildFile; fileRef = 5B90BF8321A8FE1B0085DF73 /* Game.swift */; };
		5B90BF8621A8FE4A0085DF73 /* NFLAPIManager.swift in Sources */ = {isa = PBXBuildFile; fileRef = 5B90BF8521A8FE4A0085DF73 /* NFLAPIManager.swift */; };
		5BA99C2321AF65CF00C8DEC5 /* NewLeagueViewController.swift in Sources */ = {isa = PBXBuildFile; fileRef = 5BA99C2221AF65CF00C8DEC5 /* NewLeagueViewController.swift */; };
		5BA99C2521AF661B00C8DEC5 /* InvitesViewController.swift in Sources */ = {isa = PBXBuildFile; fileRef = 5BA99C2421AF661B00C8DEC5 /* InvitesViewController.swift */; };
		9B8D988E21B0BC3B000617A1 /* GameCell.swift in Sources */ = {isa = PBXBuildFile; fileRef = 9B8D988D21B0BC3B000617A1 /* GameCell.swift */; };
		9B8D989021B0BD34000617A1 /* GamesViewController.swift in Sources */ = {isa = PBXBuildFile; fileRef = 9B8D988F21B0BD34000617A1 /* GamesViewController.swift */; };
/* End PBXBuildFile section */

/* Begin PBXFileReference section */
		0133CBE5AE5C8944FABDB749 /* Pods-NFL-Survivor-League-Manager.release.xcconfig */ = {isa = PBXFileReference; includeInIndex = 1; lastKnownFileType = text.xcconfig; name = "Pods-NFL-Survivor-League-Manager.release.xcconfig"; path = "Pods/Target Support Files/Pods-NFL-Survivor-League-Manager/Pods-NFL-Survivor-League-Manager.release.xcconfig"; sourceTree = "<group>"; };
		36BDDA4221B2234200E7B041 /* InviteCell.swift */ = {isa = PBXFileReference; lastKnownFileType = sourcecode.swift; path = InviteCell.swift; sourceTree = "<group>"; };
		5B2165BD21B0AC2600F6F4B6 /* NewUserInviteCell.swift */ = {isa = PBXFileReference; lastKnownFileType = sourcecode.swift; path = NewUserInviteCell.swift; sourceTree = "<group>"; };
		5B2165BF21B66B7600F6F4B6 /* LeagueCell.swift */ = {isa = PBXFileReference; lastKnownFileType = sourcecode.swift; path = LeagueCell.swift; sourceTree = "<group>"; };
		5B2165C121B677EF00F6F4B6 /* Invite.swift */ = {isa = PBXFileReference; lastKnownFileType = sourcecode.swift; path = Invite.swift; sourceTree = "<group>"; };
		5B2165C321B68C5A00F6F4B6 /* LeagueInvite.swift */ = {isa = PBXFileReference; lastKnownFileType = sourcecode.swift; path = LeagueInvite.swift; sourceTree = "<group>"; };
		5B2165C521B76F1A00F6F4B6 /* OwnerDetailsViewController.swift */ = {isa = PBXFileReference; lastKnownFileType = sourcecode.swift; path = OwnerDetailsViewController.swift; sourceTree = "<group>"; };
		5B655C0921A921A900065B94 /* Schedule.swift */ = {isa = PBXFileReference; lastKnownFileType = sourcecode.swift; path = Schedule.swift; sourceTree = "<group>"; };
		5B655C0B21A92CC400065B94 /* Team.swift */ = {isa = PBXFileReference; lastKnownFileType = sourcecode.swift; path = Team.swift; sourceTree = "<group>"; };
		5B655C0D21ABC5D200065B94 /* LoginViewController.swift */ = {isa = PBXFileReference; lastKnownFileType = sourcecode.swift; path = LoginViewController.swift; sourceTree = "<group>"; };
		5B655C0F21ABC5DF00065B94 /* SignUpViewController.swift */ = {isa = PBXFileReference; lastKnownFileType = sourcecode.swift; path = SignUpViewController.swift; sourceTree = "<group>"; };
		5B655C1321ABC73E00065B94 /* User.swift */ = {isa = PBXFileReference; lastKnownFileType = sourcecode.swift; path = User.swift; sourceTree = "<group>"; };
		5B655C1521ABC75E00065B94 /* ParseAPIManager.swift */ = {isa = PBXFileReference; lastKnownFileType = sourcecode.swift; path = ParseAPIManager.swift; sourceTree = "<group>"; };
		5B655C1721AF150A00065B94 /* League.swift */ = {isa = PBXFileReference; lastKnownFileType = sourcecode.swift; path = League.swift; sourceTree = "<group>"; };
		5B655C1921AF23AE00065B94 /* Pick.swift */ = {isa = PBXFileReference; lastKnownFileType = sourcecode.swift; path = Pick.swift; sourceTree = "<group>"; };
		5B655C1B21AF29D400065B94 /* SurvivorHubViewController.swift */ = {isa = PBXFileReference; lastKnownFileType = sourcecode.swift; path = SurvivorHubViewController.swift; sourceTree = "<group>"; };
		5B717364217AC283009BEC6D /* NFL-Survivor-League-Manager.app */ = {isa = PBXFileReference; explicitFileType = wrapper.application; includeInIndex = 0; path = "NFL-Survivor-League-Manager.app"; sourceTree = BUILT_PRODUCTS_DIR; };
		5B717367217AC283009BEC6D /* AppDelegate.swift */ = {isa = PBXFileReference; lastKnownFileType = sourcecode.swift; path = AppDelegate.swift; sourceTree = "<group>"; };
		5B71736C217AC283009BEC6D /* Base */ = {isa = PBXFileReference; lastKnownFileType = file.storyboard; name = Base; path = Base.lproj/Main.storyboard; sourceTree = "<group>"; };
		5B71736E217AC286009BEC6D /* Assets.xcassets */ = {isa = PBXFileReference; lastKnownFileType = folder.assetcatalog; path = Assets.xcassets; sourceTree = "<group>"; };
		5B717371217AC286009BEC6D /* Base */ = {isa = PBXFileReference; lastKnownFileType = file.storyboard; name = Base; path = Base.lproj/LaunchScreen.storyboard; sourceTree = "<group>"; };
		5B717373217AC286009BEC6D /* Info.plist */ = {isa = PBXFileReference; lastKnownFileType = text.plist.xml; path = Info.plist; sourceTree = "<group>"; };
		5B90BF8321A8FE1B0085DF73 /* Game.swift */ = {isa = PBXFileReference; lastKnownFileType = sourcecode.swift; path = Game.swift; sourceTree = "<group>"; };
		5B90BF8521A8FE4A0085DF73 /* NFLAPIManager.swift */ = {isa = PBXFileReference; lastKnownFileType = sourcecode.swift; path = NFLAPIManager.swift; sourceTree = "<group>"; };
		5BA99C2221AF65CF00C8DEC5 /* NewLeagueViewController.swift */ = {isa = PBXFileReference; lastKnownFileType = sourcecode.swift; path = NewLeagueViewController.swift; sourceTree = "<group>"; };
		5BA99C2421AF661B00C8DEC5 /* InvitesViewController.swift */ = {isa = PBXFileReference; lastKnownFileType = sourcecode.swift; path = InvitesViewController.swift; sourceTree = "<group>"; };
		9B8D988D21B0BC3B000617A1 /* GameCell.swift */ = {isa = PBXFileReference; lastKnownFileType = sourcecode.swift; path = GameCell.swift; sourceTree = "<group>"; };
		9B8D988F21B0BD34000617A1 /* GamesViewController.swift */ = {isa = PBXFileReference; lastKnownFileType = sourcecode.swift; path = GamesViewController.swift; sourceTree = "<group>"; };
		AA0DE98974B84EE1CD2A57BE /* Pods_NFL_Survivor_League_Manager.framework */ = {isa = PBXFileReference; explicitFileType = wrapper.framework; includeInIndex = 0; path = Pods_NFL_Survivor_League_Manager.framework; sourceTree = BUILT_PRODUCTS_DIR; };
		C1F7010FB42712D6C501F35A /* Pods-NFL-Survivor-League-Manager.debug.xcconfig */ = {isa = PBXFileReference; includeInIndex = 1; lastKnownFileType = text.xcconfig; name = "Pods-NFL-Survivor-League-Manager.debug.xcconfig"; path = "Pods/Target Support Files/Pods-NFL-Survivor-League-Manager/Pods-NFL-Survivor-League-Manager.debug.xcconfig"; sourceTree = "<group>"; };
/* End PBXFileReference section */

/* Begin PBXFrameworksBuildPhase section */
		5B717361217AC283009BEC6D /* Frameworks */ = {
			isa = PBXFrameworksBuildPhase;
			buildActionMask = 2147483647;
			files = (
				469F166B70B98160F7100AAF /* Pods_NFL_Survivor_League_Manager.framework in Frameworks */,
			);
			runOnlyForDeploymentPostprocessing = 0;
		};
/* End PBXFrameworksBuildPhase section */

/* Begin PBXGroup section */
		5B71735B217AC283009BEC6D = {
			isa = PBXGroup;
			children = (
				5B717366217AC283009BEC6D /* NFL-Survivor-League-Manager */,
				5B717365217AC283009BEC6D /* Products */,
				C2456B287D5F1B2D42C28B75 /* Pods */,
				F29EAF4EFA8F97AE897D4A25 /* Frameworks */,
			);
			sourceTree = "<group>";
		};
		5B717365217AC283009BEC6D /* Products */ = {
			isa = PBXGroup;
			children = (
				5B717364217AC283009BEC6D /* NFL-Survivor-League-Manager.app */,
			);
			name = Products;
			sourceTree = "<group>";
		};
		5B717366217AC283009BEC6D /* NFL-Survivor-League-Manager */ = {
			isa = PBXGroup;
			children = (
				5B90BF8721A8FE520085DF73 /* APIManagers */,
				5B71737A217AC2A7009BEC6D /* ViewControllers */,
				5B717379217AC28E009BEC6D /* Models */,
				5B717367217AC283009BEC6D /* AppDelegate.swift */,
				5B71736B217AC283009BEC6D /* Main.storyboard */,
				5B71736E217AC286009BEC6D /* Assets.xcassets */,
				5B717370217AC286009BEC6D /* LaunchScreen.storyboard */,
				5B717373217AC286009BEC6D /* Info.plist */,
			);
			path = "NFL-Survivor-League-Manager";
			sourceTree = "<group>";
		};
		5B717379217AC28E009BEC6D /* Models */ = {
			isa = PBXGroup;
			children = (
				5B90BF8321A8FE1B0085DF73 /* Game.swift */,
				5B655C0921A921A900065B94 /* Schedule.swift */,
				5B655C0B21A92CC400065B94 /* Team.swift */,
				9B8D988D21B0BC3B000617A1 /* GameCell.swift */,
				5B655C1321ABC73E00065B94 /* User.swift */,
				5B655C1721AF150A00065B94 /* League.swift */,
				5B655C1921AF23AE00065B94 /* Pick.swift */,
				5B2165BD21B0AC2600F6F4B6 /* NewUserInviteCell.swift */,
				36BDDA4221B2234200E7B041 /* InviteCell.swift */,
				5B2165BF21B66B7600F6F4B6 /* LeagueCell.swift */,
				5B2165C121B677EF00F6F4B6 /* Invite.swift */,
				5B2165C321B68C5A00F6F4B6 /* LeagueInvite.swift */,
			);
			path = Models;
			sourceTree = "<group>";
		};
		5B71737A217AC2A7009BEC6D /* ViewControllers */ = {
			isa = PBXGroup;
			children = (
				5B655C0D21ABC5D200065B94 /* LoginViewController.swift */,
				5B655C0F21ABC5DF00065B94 /* SignUpViewController.swift */,
				5B655C1B21AF29D400065B94 /* SurvivorHubViewController.swift */,
				5BA99C2221AF65CF00C8DEC5 /* NewLeagueViewController.swift */,
				5BA99C2421AF661B00C8DEC5 /* InvitesViewController.swift */,
				9B8D988F21B0BD34000617A1 /* GamesViewController.swift */,
				5B2165C521B76F1A00F6F4B6 /* OwnerDetailsViewController.swift */,
			);
			path = ViewControllers;
			sourceTree = "<group>";
		};
		5B90BF8721A8FE520085DF73 /* APIManagers */ = {
			isa = PBXGroup;
			children = (
				5B90BF8521A8FE4A0085DF73 /* NFLAPIManager.swift */,
				5B655C1521ABC75E00065B94 /* ParseAPIManager.swift */,
			);
			path = APIManagers;
			sourceTree = "<group>";
		};
		C2456B287D5F1B2D42C28B75 /* Pods */ = {
			isa = PBXGroup;
			children = (
				C1F7010FB42712D6C501F35A /* Pods-NFL-Survivor-League-Manager.debug.xcconfig */,
				0133CBE5AE5C8944FABDB749 /* Pods-NFL-Survivor-League-Manager.release.xcconfig */,
			);
			name = Pods;
			sourceTree = "<group>";
		};
		F29EAF4EFA8F97AE897D4A25 /* Frameworks */ = {
			isa = PBXGroup;
			children = (
				AA0DE98974B84EE1CD2A57BE /* Pods_NFL_Survivor_League_Manager.framework */,
			);
			name = Frameworks;
			sourceTree = "<group>";
		};
/* End PBXGroup section */

/* Begin PBXNativeTarget section */
		5B717363217AC283009BEC6D /* NFL-Survivor-League-Manager */ = {
			isa = PBXNativeTarget;
			buildConfigurationList = 5B717376217AC286009BEC6D /* Build configuration list for PBXNativeTarget "NFL-Survivor-League-Manager" */;
			buildPhases = (
				B4C787F3973F870762DCD2A9 /* [CP] Check Pods Manifest.lock */,
				5B717360217AC283009BEC6D /* Sources */,
				5B717361217AC283009BEC6D /* Frameworks */,
				5B717362217AC283009BEC6D /* Resources */,
				B43B926729B1F33F20F8B246 /* [CP] Embed Pods Frameworks */,
			);
			buildRules = (
			);
			dependencies = (
			);
			name = "NFL-Survivor-League-Manager";
			productName = "NFL-Survivor-League-Manager";
			productReference = 5B717364217AC283009BEC6D /* NFL-Survivor-League-Manager.app */;
			productType = "com.apple.product-type.application";
		};
/* End PBXNativeTarget section */

/* Begin PBXProject section */
		5B71735C217AC283009BEC6D /* Project object */ = {
			isa = PBXProject;
			attributes = {
				LastSwiftUpdateCheck = 0940;
				LastUpgradeCheck = 0940;
				ORGANIZATIONNAME = "Jacob Frick";
				TargetAttributes = {
					5B717363217AC283009BEC6D = {
						CreatedOnToolsVersion = 9.4.1;
					};
				};
			};
			buildConfigurationList = 5B71735F217AC283009BEC6D /* Build configuration list for PBXProject "NFL-Survivor-League-Manager" */;
			compatibilityVersion = "Xcode 9.3";
			developmentRegion = en;
			hasScannedForEncodings = 0;
			knownRegions = (
				en,
				Base,
			);
			mainGroup = 5B71735B217AC283009BEC6D;
			productRefGroup = 5B717365217AC283009BEC6D /* Products */;
			projectDirPath = "";
			projectRoot = "";
			targets = (
				5B717363217AC283009BEC6D /* NFL-Survivor-League-Manager */,
			);
		};
/* End PBXProject section */

/* Begin PBXResourcesBuildPhase section */
		5B717362217AC283009BEC6D /* Resources */ = {
			isa = PBXResourcesBuildPhase;
			buildActionMask = 2147483647;
			files = (
				5B717372217AC286009BEC6D /* LaunchScreen.storyboard in Resources */,
				5B71736F217AC286009BEC6D /* Assets.xcassets in Resources */,
				5B71736D217AC283009BEC6D /* Main.storyboard in Resources */,
			);
			runOnlyForDeploymentPostprocessing = 0;
		};
/* End PBXResourcesBuildPhase section */

/* Begin PBXShellScriptBuildPhase section */
		B43B926729B1F33F20F8B246 /* [CP] Embed Pods Frameworks */ = {
			isa = PBXShellScriptBuildPhase;
			buildActionMask = 2147483647;
			files = (
			);
			inputPaths = (
				"${SRCROOT}/Pods/Target Support Files/Pods-NFL-Survivor-League-Manager/Pods-NFL-Survivor-League-Manager-frameworks.sh",
				"${BUILT_PRODUCTS_DIR}/Bolts/Bolts.framework",
				"${BUILT_PRODUCTS_DIR}/IQKeyboardManagerSwift/IQKeyboardManagerSwift.framework",
				"${BUILT_PRODUCTS_DIR}/Parse/Parse.framework",
			);
			name = "[CP] Embed Pods Frameworks";
			outputPaths = (
				"${TARGET_BUILD_DIR}/${FRAMEWORKS_FOLDER_PATH}/Bolts.framework",
				"${TARGET_BUILD_DIR}/${FRAMEWORKS_FOLDER_PATH}/IQKeyboardManagerSwift.framework",
				"${TARGET_BUILD_DIR}/${FRAMEWORKS_FOLDER_PATH}/Parse.framework",
			);
			runOnlyForDeploymentPostprocessing = 0;
			shellPath = /bin/sh;
			shellScript = "\"${SRCROOT}/Pods/Target Support Files/Pods-NFL-Survivor-League-Manager/Pods-NFL-Survivor-League-Manager-frameworks.sh\"\n";
			showEnvVarsInLog = 0;
		};
		B4C787F3973F870762DCD2A9 /* [CP] Check Pods Manifest.lock */ = {
			isa = PBXShellScriptBuildPhase;
			buildActionMask = 2147483647;
			files = (
			);
			inputPaths = (
				"${PODS_PODFILE_DIR_PATH}/Podfile.lock",
				"${PODS_ROOT}/Manifest.lock",
			);
			name = "[CP] Check Pods Manifest.lock";
			outputPaths = (
				"$(DERIVED_FILE_DIR)/Pods-NFL-Survivor-League-Manager-checkManifestLockResult.txt",
			);
			runOnlyForDeploymentPostprocessing = 0;
			shellPath = /bin/sh;
			shellScript = "diff \"${PODS_PODFILE_DIR_PATH}/Podfile.lock\" \"${PODS_ROOT}/Manifest.lock\" > /dev/null\nif [ $? != 0 ] ; then\n    # print error to STDERR\n    echo \"error: The sandbox is not in sync with the Podfile.lock. Run 'pod install' or update your CocoaPods installation.\" >&2\n    exit 1\nfi\n# This output is used by Xcode 'outputs' to avoid re-running this script phase.\necho \"SUCCESS\" > \"${SCRIPT_OUTPUT_FILE_0}\"\n";
			showEnvVarsInLog = 0;
		};
/* End PBXShellScriptBuildPhase section */

/* Begin PBXSourcesBuildPhase section */
		5B717360217AC283009BEC6D /* Sources */ = {
			isa = PBXSourcesBuildPhase;
			buildActionMask = 2147483647;
			files = (
				5B2165C621B76F1A00F6F4B6 /* OwnerDetailsViewController.swift in Sources */,
				5B655C1A21AF23AE00065B94 /* Pick.swift in Sources */,
				5B655C0E21ABC5D200065B94 /* LoginViewController.swift in Sources */,
				9B8D989021B0BD34000617A1 /* GamesViewController.swift in Sources */,
				5B655C1021ABC5DF00065B94 /* SignUpViewController.swift in Sources */,
				5B655C0C21A92CC400065B94 /* Team.swift in Sources */,
				5BA99C2321AF65CF00C8DEC5 /* NewLeagueViewController.swift in Sources */,
				5B2165BE21B0AC2600F6F4B6 /* NewUserInviteCell.swift in Sources */,
				5B2165C221B677EF00F6F4B6 /* Invite.swift in Sources */,
				5B655C1C21AF29D400065B94 /* SurvivorHubViewController.swift in Sources */,
				5B90BF8421A8FE1B0085DF73 /* Game.swift in Sources */,
				5B655C1421ABC73E00065B94 /* User.swift in Sources */,
				5B655C1621ABC75E00065B94 /* ParseAPIManager.swift in Sources */,
				36BDDA4321B2234200E7B041 /* InviteCell.swift in Sources */,
				5B717368217AC283009BEC6D /* AppDelegate.swift in Sources */,
				5B2165C021B66B7600F6F4B6 /* LeagueCell.swift in Sources */,
				5B655C0A21A921A900065B94 /* Schedule.swift in Sources */,
				5B655C1821AF150A00065B94 /* League.swift in Sources */,
				5B2165C421B68C5A00F6F4B6 /* LeagueInvite.swift in Sources */,
				9B8D988E21B0BC3B000617A1 /* GameCell.swift in Sources */,
				5BA99C2521AF661B00C8DEC5 /* InvitesViewController.swift in Sources */,
				5B90BF8621A8FE4A0085DF73 /* NFLAPIManager.swift in Sources */,
			);
			runOnlyForDeploymentPostprocessing = 0;
		};
/* End PBXSourcesBuildPhase section */

/* Begin PBXVariantGroup section */
		5B71736B217AC283009BEC6D /* Main.storyboard */ = {
			isa = PBXVariantGroup;
			children = (
				5B71736C217AC283009BEC6D /* Base */,
			);
			name = Main.storyboard;
			sourceTree = "<group>";
		};
		5B717370217AC286009BEC6D /* LaunchScreen.storyboard */ = {
			isa = PBXVariantGroup;
			children = (
				5B717371217AC286009BEC6D /* Base */,
			);
			name = LaunchScreen.storyboard;
			sourceTree = "<group>";
		};
/* End PBXVariantGroup section */

/* Begin XCBuildConfiguration section */
		5B717374217AC286009BEC6D /* Debug */ = {
			isa = XCBuildConfiguration;
			buildSettings = {
				ALWAYS_SEARCH_USER_PATHS = NO;
				CLANG_ANALYZER_NONNULL = YES;
				CLANG_ANALYZER_NUMBER_OBJECT_CONVERSION = YES_AGGRESSIVE;
				CLANG_CXX_LANGUAGE_STANDARD = "gnu++14";
				CLANG_CXX_LIBRARY = "libc++";
				CLANG_ENABLE_MODULES = YES;
				CLANG_ENABLE_OBJC_ARC = YES;
				CLANG_ENABLE_OBJC_WEAK = YES;
				CLANG_WARN_BLOCK_CAPTURE_AUTORELEASING = YES;
				CLANG_WARN_BOOL_CONVERSION = YES;
				CLANG_WARN_COMMA = YES;
				CLANG_WARN_CONSTANT_CONVERSION = YES;
				CLANG_WARN_DEPRECATED_OBJC_IMPLEMENTATIONS = YES;
				CLANG_WARN_DIRECT_OBJC_ISA_USAGE = YES_ERROR;
				CLANG_WARN_DOCUMENTATION_COMMENTS = YES;
				CLANG_WARN_EMPTY_BODY = YES;
				CLANG_WARN_ENUM_CONVERSION = YES;
				CLANG_WARN_INFINITE_RECURSION = YES;
				CLANG_WARN_INT_CONVERSION = YES;
				CLANG_WARN_NON_LITERAL_NULL_CONVERSION = YES;
				CLANG_WARN_OBJC_IMPLICIT_RETAIN_SELF = YES;
				CLANG_WARN_OBJC_LITERAL_CONVERSION = YES;
				CLANG_WARN_OBJC_ROOT_CLASS = YES_ERROR;
				CLANG_WARN_RANGE_LOOP_ANALYSIS = YES;
				CLANG_WARN_STRICT_PROTOTYPES = YES;
				CLANG_WARN_SUSPICIOUS_MOVE = YES;
				CLANG_WARN_UNGUARDED_AVAILABILITY = YES_AGGRESSIVE;
				CLANG_WARN_UNREACHABLE_CODE = YES;
				CLANG_WARN__DUPLICATE_METHOD_MATCH = YES;
				CODE_SIGN_IDENTITY = "iPhone Developer";
				COPY_PHASE_STRIP = NO;
				DEBUG_INFORMATION_FORMAT = dwarf;
				ENABLE_STRICT_OBJC_MSGSEND = YES;
				ENABLE_TESTABILITY = YES;
				GCC_C_LANGUAGE_STANDARD = gnu11;
				GCC_DYNAMIC_NO_PIC = NO;
				GCC_NO_COMMON_BLOCKS = YES;
				GCC_OPTIMIZATION_LEVEL = 0;
				GCC_PREPROCESSOR_DEFINITIONS = (
					"DEBUG=1",
					"$(inherited)",
				);
				GCC_WARN_64_TO_32_BIT_CONVERSION = YES;
				GCC_WARN_ABOUT_RETURN_TYPE = YES_ERROR;
				GCC_WARN_UNDECLARED_SELECTOR = YES;
				GCC_WARN_UNINITIALIZED_AUTOS = YES_AGGRESSIVE;
				GCC_WARN_UNUSED_FUNCTION = YES;
				GCC_WARN_UNUSED_VARIABLE = YES;
				IPHONEOS_DEPLOYMENT_TARGET = 11.4;
				MTL_ENABLE_DEBUG_INFO = YES;
				ONLY_ACTIVE_ARCH = YES;
				SDKROOT = iphoneos;
				SWIFT_ACTIVE_COMPILATION_CONDITIONS = DEBUG;
				SWIFT_OBJC_BRIDGING_HEADER = "";
				SWIFT_OPTIMIZATION_LEVEL = "-Onone";
			};
			name = Debug;
		};
		5B717375217AC286009BEC6D /* Release */ = {
			isa = XCBuildConfiguration;
			buildSettings = {
				ALWAYS_SEARCH_USER_PATHS = NO;
				CLANG_ANALYZER_NONNULL = YES;
				CLANG_ANALYZER_NUMBER_OBJECT_CONVERSION = YES_AGGRESSIVE;
				CLANG_CXX_LANGUAGE_STANDARD = "gnu++14";
				CLANG_CXX_LIBRARY = "libc++";
				CLANG_ENABLE_MODULES = YES;
				CLANG_ENABLE_OBJC_ARC = YES;
				CLANG_ENABLE_OBJC_WEAK = YES;
				CLANG_WARN_BLOCK_CAPTURE_AUTORELEASING = YES;
				CLANG_WARN_BOOL_CONVERSION = YES;
				CLANG_WARN_COMMA = YES;
				CLANG_WARN_CONSTANT_CONVERSION = YES;
				CLANG_WARN_DEPRECATED_OBJC_IMPLEMENTATIONS = YES;
				CLANG_WARN_DIRECT_OBJC_ISA_USAGE = YES_ERROR;
				CLANG_WARN_DOCUMENTATION_COMMENTS = YES;
				CLANG_WARN_EMPTY_BODY = YES;
				CLANG_WARN_ENUM_CONVERSION = YES;
				CLANG_WARN_INFINITE_RECURSION = YES;
				CLANG_WARN_INT_CONVERSION = YES;
				CLANG_WARN_NON_LITERAL_NULL_CONVERSION = YES;
				CLANG_WARN_OBJC_IMPLICIT_RETAIN_SELF = YES;
				CLANG_WARN_OBJC_LITERAL_CONVERSION = YES;
				CLANG_WARN_OBJC_ROOT_CLASS = YES_ERROR;
				CLANG_WARN_RANGE_LOOP_ANALYSIS = YES;
				CLANG_WARN_STRICT_PROTOTYPES = YES;
				CLANG_WARN_SUSPICIOUS_MOVE = YES;
				CLANG_WARN_UNGUARDED_AVAILABILITY = YES_AGGRESSIVE;
				CLANG_WARN_UNREACHABLE_CODE = YES;
				CLANG_WARN__DUPLICATE_METHOD_MATCH = YES;
				CODE_SIGN_IDENTITY = "iPhone Developer";
				COPY_PHASE_STRIP = NO;
				DEBUG_INFORMATION_FORMAT = "dwarf-with-dsym";
				ENABLE_NS_ASSERTIONS = NO;
				ENABLE_STRICT_OBJC_MSGSEND = YES;
				GCC_C_LANGUAGE_STANDARD = gnu11;
				GCC_NO_COMMON_BLOCKS = YES;
				GCC_WARN_64_TO_32_BIT_CONVERSION = YES;
				GCC_WARN_ABOUT_RETURN_TYPE = YES_ERROR;
				GCC_WARN_UNDECLARED_SELECTOR = YES;
				GCC_WARN_UNINITIALIZED_AUTOS = YES_AGGRESSIVE;
				GCC_WARN_UNUSED_FUNCTION = YES;
				GCC_WARN_UNUSED_VARIABLE = YES;
				IPHONEOS_DEPLOYMENT_TARGET = 11.4;
				MTL_ENABLE_DEBUG_INFO = NO;
				SDKROOT = iphoneos;
				SWIFT_COMPILATION_MODE = wholemodule;
				SWIFT_OBJC_BRIDGING_HEADER = "";
				SWIFT_OPTIMIZATION_LEVEL = "-O";
				VALIDATE_PRODUCT = YES;
			};
			name = Release;
		};
		5B717377217AC286009BEC6D /* Debug */ = {
			isa = XCBuildConfiguration;
			baseConfigurationReference = C1F7010FB42712D6C501F35A /* Pods-NFL-Survivor-League-Manager.debug.xcconfig */;
			buildSettings = {
				ASSETCATALOG_COMPILER_APPICON_NAME = AppIcon;
				CODE_SIGN_STYLE = Automatic;
				DEVELOPMENT_TEAM = F474DK74SA;
				INFOPLIST_FILE = "NFL-Survivor-League-Manager/Info.plist";
				LD_RUNPATH_SEARCH_PATHS = (
					"$(inherited)",
					"@executable_path/Frameworks",
				);
				PRODUCT_BUNDLE_IDENTIFIER = "CodePath.NFL-Survivor-League-Manager";
				PRODUCT_NAME = "$(TARGET_NAME)";
				SWIFT_OBJC_BRIDGING_HEADER = "";
				SWIFT_VERSION = 4.0;
				TARGETED_DEVICE_FAMILY = "1,2";
			};
			name = Debug;
		};
		5B717378217AC286009BEC6D /* Release */ = {
			isa = XCBuildConfiguration;
			baseConfigurationReference = 0133CBE5AE5C8944FABDB749 /* Pods-NFL-Survivor-League-Manager.release.xcconfig */;
			buildSettings = {
				ASSETCATALOG_COMPILER_APPICON_NAME = AppIcon;
				CODE_SIGN_STYLE = Automatic;
				DEVELOPMENT_TEAM = F474DK74SA;
				INFOPLIST_FILE = "NFL-Survivor-League-Manager/Info.plist";
				LD_RUNPATH_SEARCH_PATHS = (
					"$(inherited)",
					"@executable_path/Frameworks",
				);
				PRODUCT_BUNDLE_IDENTIFIER = "CodePath.NFL-Survivor-League-Manager";
				PRODUCT_NAME = "$(TARGET_NAME)";
				SWIFT_OBJC_BRIDGING_HEADER = "";
				SWIFT_VERSION = 4.0;
				TARGETED_DEVICE_FAMILY = "1,2";
			};
			name = Release;
		};
/* End XCBuildConfiguration section */

/* Begin XCConfigurationList section */
		5B71735F217AC283009BEC6D /* Build configuration list for PBXProject "NFL-Survivor-League-Manager" */ = {
			isa = XCConfigurationList;
			buildConfigurations = (
				5B717374217AC286009BEC6D /* Debug */,
				5B717375217AC286009BEC6D /* Release */,
			);
			defaultConfigurationIsVisible = 0;
			defaultConfigurationName = Release;
		};
		5B717376217AC286009BEC6D /* Build configuration list for PBXNativeTarget "NFL-Survivor-League-Manager" */ = {
			isa = XCConfigurationList;
			buildConfigurations = (
				5B717377217AC286009BEC6D /* Debug */,
				5B717378217AC286009BEC6D /* Release */,
			);
			defaultConfigurationIsVisible = 0;
			defaultConfigurationName = Release;
		};
/* End XCConfigurationList section */
	};
	rootObject = 5B71735C217AC283009BEC6D /* Project object */;
}
